// !$*UTF8*$!
{
	archiveVersion = 1;
	classes = {
	};
	objectVersion = 56;
	objects = {

/* Begin PBXBuildFile section */
		2706B41A2B54EE3D003E6B86 /* AppDelegate.swift in Sources */ = {isa = PBXBuildFile; fileRef = 2706B4192B54EE3D003E6B86 /* AppDelegate.swift */; };
		2706B41C2B54EE3D003E6B86 /* SceneDelegate.swift in Sources */ = {isa = PBXBuildFile; fileRef = 2706B41B2B54EE3D003E6B86 /* SceneDelegate.swift */; };
		2706B4212B54EE3D003E6B86 /* Main.storyboard in Resources */ = {isa = PBXBuildFile; fileRef = 2706B41F2B54EE3D003E6B86 /* Main.storyboard */; };
		2706B4232B54EE42003E6B86 /* Assets.xcassets in Resources */ = {isa = PBXBuildFile; fileRef = 2706B4222B54EE42003E6B86 /* Assets.xcassets */; };
		2706B4262B54EE42003E6B86 /* LaunchScreen.storyboard in Resources */ = {isa = PBXBuildFile; fileRef = 2706B4242B54EE42003E6B86 /* LaunchScreen.storyboard */; };
		2706B42F2B54EF0F003E6B86 /* Coordinator.swift in Sources */ = {isa = PBXBuildFile; fileRef = 2706B42E2B54EF0F003E6B86 /* Coordinator.swift */; };
		2706B4312B54EFC7003E6B86 /* StoryBoard.swift in Sources */ = {isa = PBXBuildFile; fileRef = 2706B4302B54EFC7003E6B86 /* StoryBoard.swift */; };
		2706B4332B54EFF7003E6B86 /* MainCoordinator.swift in Sources */ = {isa = PBXBuildFile; fileRef = 2706B4322B54EFF7003E6B86 /* MainCoordinator.swift */; };
		2706B4362B54F3A1003E6B86 /* ChatsViewController.swift in Sources */ = {isa = PBXBuildFile; fileRef = 2706B4352B54F3A1003E6B86 /* ChatsViewController.swift */; };
		2706B4382B54F3AB003E6B86 /* ProfileViewController.swift in Sources */ = {isa = PBXBuildFile; fileRef = 2706B4372B54F3AB003E6B86 /* ProfileViewController.swift */; };
/* End PBXBuildFile section */

/* Begin PBXFileReference section */
		2706B4162B54EE3D003E6B86 /* Chit Chat.app */ = {isa = PBXFileReference; explicitFileType = wrapper.application; includeInIndex = 0; path = "Chit Chat.app"; sourceTree = BUILT_PRODUCTS_DIR; };
		2706B4192B54EE3D003E6B86 /* AppDelegate.swift */ = {isa = PBXFileReference; lastKnownFileType = sourcecode.swift; path = AppDelegate.swift; sourceTree = "<group>"; };
		2706B41B2B54EE3D003E6B86 /* SceneDelegate.swift */ = {isa = PBXFileReference; lastKnownFileType = sourcecode.swift; path = SceneDelegate.swift; sourceTree = "<group>"; };
		2706B4202B54EE3D003E6B86 /* Base */ = {isa = PBXFileReference; lastKnownFileType = file.storyboard; name = Base; path = Base.lproj/Main.storyboard; sourceTree = "<group>"; };
		2706B4222B54EE42003E6B86 /* Assets.xcassets */ = {isa = PBXFileReference; lastKnownFileType = folder.assetcatalog; path = Assets.xcassets; sourceTree = "<group>"; };
		2706B4252B54EE42003E6B86 /* Base */ = {isa = PBXFileReference; lastKnownFileType = file.storyboard; name = Base; path = Base.lproj/LaunchScreen.storyboard; sourceTree = "<group>"; };
		2706B4272B54EE42003E6B86 /* Info.plist */ = {isa = PBXFileReference; lastKnownFileType = text.plist.xml; path = Info.plist; sourceTree = "<group>"; };
		2706B42E2B54EF0F003E6B86 /* Coordinator.swift */ = {isa = PBXFileReference; lastKnownFileType = sourcecode.swift; path = Coordinator.swift; sourceTree = "<group>"; };
		2706B4302B54EFC7003E6B86 /* StoryBoard.swift */ = {isa = PBXFileReference; lastKnownFileType = sourcecode.swift; path = StoryBoard.swift; sourceTree = "<group>"; };
		2706B4322B54EFF7003E6B86 /* MainCoordinator.swift */ = {isa = PBXFileReference; lastKnownFileType = sourcecode.swift; path = MainCoordinator.swift; sourceTree = "<group>"; };
		2706B4352B54F3A1003E6B86 /* ChatsViewController.swift */ = {isa = PBXFileReference; lastKnownFileType = sourcecode.swift; path = ChatsViewController.swift; sourceTree = "<group>"; };
		2706B4372B54F3AB003E6B86 /* ProfileViewController.swift */ = {isa = PBXFileReference; lastKnownFileType = sourcecode.swift; path = ProfileViewController.swift; sourceTree = "<group>"; };
/* End PBXFileReference section */

/* Begin PBXFrameworksBuildPhase section */
		2706B4132B54EE3D003E6B86 /* Frameworks */ = {
			isa = PBXFrameworksBuildPhase;
			buildActionMask = 2147483647;
			files = (
			);
			runOnlyForDeploymentPostprocessing = 0;
		};
/* End PBXFrameworksBuildPhase section */

/* Begin PBXGroup section */
		2706B40D2B54EE3D003E6B86 = {
			isa = PBXGroup;
			children = (
				2706B4182B54EE3D003E6B86 /* Chit Chat */,
				2706B4172B54EE3D003E6B86 /* Products */,
			);
			sourceTree = "<group>";
		};
		2706B4172B54EE3D003E6B86 /* Products */ = {
			isa = PBXGroup;
			children = (
				2706B4162B54EE3D003E6B86 /* Chit Chat.app */,
			);
			name = Products;
			sourceTree = "<group>";
		};
		2706B4182B54EE3D003E6B86 /* Chit Chat */ = {
			isa = PBXGroup;
			children = (
				2706B4272B54EE42003E6B86 /* Info.plist */,
				2706B43A2B54F724003E6B86 /* Resources */,
				2706B4392B54F709003E6B86 /* Core */,
				2706B4342B54F315003E6B86 /* ViewControllers */,
				2706B42D2B54EEFD003E6B86 /* Coordinator */,
			);
			path = "Chit Chat";
			sourceTree = "<group>";
		};
		2706B42D2B54EEFD003E6B86 /* Coordinator */ = {
			isa = PBXGroup;
			children = (
				2706B42E2B54EF0F003E6B86 /* Coordinator.swift */,
				2706B4302B54EFC7003E6B86 /* StoryBoard.swift */,
				2706B4322B54EFF7003E6B86 /* MainCoordinator.swift */,
			);
			path = Coordinator;
			sourceTree = "<group>";
		};
		2706B4342B54F315003E6B86 /* ViewControllers */ = {
			isa = PBXGroup;
			children = (
				2706B4352B54F3A1003E6B86 /* ChatsViewController.swift */,
				2706B4372B54F3AB003E6B86 /* ProfileViewController.swift */,
			);
			path = ViewControllers;
			sourceTree = "<group>";
		};
		2706B4392B54F709003E6B86 /* Core */ = {
			isa = PBXGroup;
			children = (
				2706B41B2B54EE3D003E6B86 /* SceneDelegate.swift */,
				2706B4192B54EE3D003E6B86 /* AppDelegate.swift */,
			);
			path = Core;
			sourceTree = "<group>";
		};
		2706B43A2B54F724003E6B86 /* Resources */ = {
			isa = PBXGroup;
			children = (
				2706B4222B54EE42003E6B86 /* Assets.xcassets */,
				2706B4242B54EE42003E6B86 /* LaunchScreen.storyboard */,
				2706B41F2B54EE3D003E6B86 /* Main.storyboard */,
			);
			path = Resources;
			sourceTree = "<group>";
		};
/* End PBXGroup section */

/* Begin PBXNativeTarget section */
		2706B4152B54EE3D003E6B86 /* Chit Chat */ = {
			isa = PBXNativeTarget;
			buildConfigurationList = 2706B42A2B54EE42003E6B86 /* Build configuration list for PBXNativeTarget "Chit Chat" */;
			buildPhases = (
				2706B4122B54EE3D003E6B86 /* Sources */,
				2706B4132B54EE3D003E6B86 /* Frameworks */,
				2706B4142B54EE3D003E6B86 /* Resources */,
			);
			buildRules = (
			);
			dependencies = (
			);
			name = "Chit Chat";
			productName = "Chit Chat";
			productReference = 2706B4162B54EE3D003E6B86 /* Chit Chat.app */;
			productType = "com.apple.product-type.application";
		};
/* End PBXNativeTarget section */

/* Begin PBXProject section */
		2706B40E2B54EE3D003E6B86 /* Project object */ = {
			isa = PBXProject;
			attributes = {
				BuildIndependentTargetsInParallel = 1;
				LastSwiftUpdateCheck = 1520;
				LastUpgradeCheck = 1520;
				TargetAttributes = {
					2706B4152B54EE3D003E6B86 = {
						CreatedOnToolsVersion = 15.2;
					};
				};
			};
			buildConfigurationList = 2706B4112B54EE3D003E6B86 /* Build configuration list for PBXProject "Chit Chat" */;
			compatibilityVersion = "Xcode 14.0";
			developmentRegion = en;
			hasScannedForEncodings = 0;
			knownRegions = (
				en,
				Base,
			);
			mainGroup = 2706B40D2B54EE3D003E6B86;
			productRefGroup = 2706B4172B54EE3D003E6B86 /* Products */;
			projectDirPath = "";
			projectRoot = "";
			targets = (
				2706B4152B54EE3D003E6B86 /* Chit Chat */,
			);
		};
/* End PBXProject section */

/* Begin PBXResourcesBuildPhase section */
		2706B4142B54EE3D003E6B86 /* Resources */ = {
			isa = PBXResourcesBuildPhase;
			buildActionMask = 2147483647;
			files = (
				2706B4262B54EE42003E6B86 /* LaunchScreen.storyboard in Resources */,
				2706B4232B54EE42003E6B86 /* Assets.xcassets in Resources */,
				2706B4212B54EE3D003E6B86 /* Main.storyboard in Resources */,
			);
			runOnlyForDeploymentPostprocessing = 0;
		};
/* End PBXResourcesBuildPhase section */

/* Begin PBXSourcesBuildPhase section */
		2706B4122B54EE3D003E6B86 /* Sources */ = {
			isa = PBXSourcesBuildPhase;
			buildActionMask = 2147483647;
			files = (
				2706B4312B54EFC7003E6B86 /* StoryBoard.swift in Sources */,
				2706B4332B54EFF7003E6B86 /* MainCoordinator.swift in Sources */,
				2706B42F2B54EF0F003E6B86 /* Coordinator.swift in Sources */,
				2706B41A2B54EE3D003E6B86 /* AppDelegate.swift in Sources */,
				2706B4382B54F3AB003E6B86 /* ProfileViewController.swift in Sources */,
				2706B4362B54F3A1003E6B86 /* ChatsViewController.swift in Sources */,
				2706B41C2B54EE3D003E6B86 /* SceneDelegate.swift in Sources */,
			);
			runOnlyForDeploymentPostprocessing = 0;
		};
/* End PBXSourcesBuildPhase section */

/* Begin PBXVariantGroup section */
		2706B41F2B54EE3D003E6B86 /* Main.storyboard */ = {
			isa = PBXVariantGroup;
			children = (
				2706B4202B54EE3D003E6B86 /* Base */,
			);
			name = Main.storyboard;
			sourceTree = "<group>";
		};
		2706B4242B54EE42003E6B86 /* LaunchScreen.storyboard */ = {
			isa = PBXVariantGroup;
			children = (
				2706B4252B54EE42003E6B86 /* Base */,
			);
			name = LaunchScreen.storyboard;
			sourceTree = "<group>";
		};
/* End PBXVariantGroup section */

/* Begin XCBuildConfiguration section */
		2706B4282B54EE42003E6B86 /* Debug */ = {
			isa = XCBuildConfiguration;
			buildSettings = {
				ALWAYS_SEARCH_USER_PATHS = NO;
				ASSETCATALOG_COMPILER_GENERATE_SWIFT_ASSET_SYMBOL_EXTENSIONS = YES;
				CLANG_ANALYZER_NONNULL = YES;
				CLANG_ANALYZER_NUMBER_OBJECT_CONVERSION = YES_AGGRESSIVE;
				CLANG_CXX_LANGUAGE_STANDARD = "gnu++20";
				CLANG_ENABLE_MODULES = YES;
				CLANG_ENABLE_OBJC_ARC = YES;
				CLANG_ENABLE_OBJC_WEAK = YES;
				CLANG_WARN_BLOCK_CAPTURE_AUTORELEASING = YES;
				CLANG_WARN_BOOL_CONVERSION = YES;
				CLANG_WARN_COMMA = YES;
				CLANG_WARN_CONSTANT_CONVERSION = YES;
				CLANG_WARN_DEPRECATED_OBJC_IMPLEMENTATIONS = YES;
				CLANG_WARN_DIRECT_OBJC_ISA_USAGE = YES_ERROR;
				CLANG_WARN_DOCUMENTATION_COMMENTS = YES;
				CLANG_WARN_EMPTY_BODY = YES;
				CLANG_WARN_ENUM_CONVERSION = YES;
				CLANG_WARN_INFINITE_RECURSION = YES;
				CLANG_WARN_INT_CONVERSION = YES;
				CLANG_WARN_NON_LITERAL_NULL_CONVERSION = YES;
				CLANG_WARN_OBJC_IMPLICIT_RETAIN_SELF = YES;
				CLANG_WARN_OBJC_LITERAL_CONVERSION = YES;
				CLANG_WARN_OBJC_ROOT_CLASS = YES_ERROR;
				CLANG_WARN_QUOTED_INCLUDE_IN_FRAMEWORK_HEADER = YES;
				CLANG_WARN_RANGE_LOOP_ANALYSIS = YES;
				CLANG_WARN_STRICT_PROTOTYPES = YES;
				CLANG_WARN_SUSPICIOUS_MOVE = YES;
				CLANG_WARN_UNGUARDED_AVAILABILITY = YES_AGGRESSIVE;
				CLANG_WARN_UNREACHABLE_CODE = YES;
				CLANG_WARN__DUPLICATE_METHOD_MATCH = YES;
				COPY_PHASE_STRIP = NO;
				DEBUG_INFORMATION_FORMAT = dwarf;
				ENABLE_STRICT_OBJC_MSGSEND = YES;
				ENABLE_TESTABILITY = YES;
				ENABLE_USER_SCRIPT_SANDBOXING = YES;
				GCC_C_LANGUAGE_STANDARD = gnu17;
				GCC_DYNAMIC_NO_PIC = NO;
				GCC_NO_COMMON_BLOCKS = YES;
				GCC_OPTIMIZATION_LEVEL = 0;
				GCC_PREPROCESSOR_DEFINITIONS = (
					"DEBUG=1",
					"$(inherited)",
				);
				GCC_WARN_64_TO_32_BIT_CONVERSION = YES;
				GCC_WARN_ABOUT_RETURN_TYPE = YES_ERROR;
				GCC_WARN_UNDECLARED_SELECTOR = YES;
				GCC_WARN_UNINITIALIZED_AUTOS = YES_AGGRESSIVE;
				GCC_WARN_UNUSED_FUNCTION = YES;
				GCC_WARN_UNUSED_VARIABLE = YES;
				IPHONEOS_DEPLOYMENT_TARGET = 17.2;
				LOCALIZATION_PREFERS_STRING_CATALOGS = YES;
				MTL_ENABLE_DEBUG_INFO = INCLUDE_SOURCE;
				MTL_FAST_MATH = YES;
				ONLY_ACTIVE_ARCH = YES;
				SDKROOT = iphoneos;
				SWIFT_ACTIVE_COMPILATION_CONDITIONS = "DEBUG $(inherited)";
				SWIFT_OPTIMIZATION_LEVEL = "-Onone";
			};
			name = Debug;
		};
		2706B4292B54EE42003E6B86 /* Release */ = {
			isa = XCBuildConfiguration;
			buildSettings = {
				ALWAYS_SEARCH_USER_PATHS = NO;
				ASSETCATALOG_COMPILER_GENERATE_SWIFT_ASSET_SYMBOL_EXTENSIONS = YES;
				CLANG_ANALYZER_NONNULL = YES;
				CLANG_ANALYZER_NUMBER_OBJECT_CONVERSION = YES_AGGRESSIVE;
				CLANG_CXX_LANGUAGE_STANDARD = "gnu++20";
				CLANG_ENABLE_MODULES = YES;
				CLANG_ENABLE_OBJC_ARC = YES;
				CLANG_ENABLE_OBJC_WEAK = YES;
				CLANG_WARN_BLOCK_CAPTURE_AUTORELEASING = YES;
				CLANG_WARN_BOOL_CONVERSION = YES;
				CLANG_WARN_COMMA = YES;
				CLANG_WARN_CONSTANT_CONVERSION = YES;
				CLANG_WARN_DEPRECATED_OBJC_IMPLEMENTATIONS = YES;
				CLANG_WARN_DIRECT_OBJC_ISA_USAGE = YES_ERROR;
				CLANG_WARN_DOCUMENTATION_COMMENTS = YES;
				CLANG_WARN_EMPTY_BODY = YES;
				CLANG_WARN_ENUM_CONVERSION = YES;
				CLANG_WARN_INFINITE_RECURSION = YES;
				CLANG_WARN_INT_CONVERSION = YES;
				CLANG_WARN_NON_LITERAL_NULL_CONVERSION = YES;
				CLANG_WARN_OBJC_IMPLICIT_RETAIN_SELF = YES;
				CLANG_WARN_OBJC_LITERAL_CONVERSION = YES;
				CLANG_WARN_OBJC_ROOT_CLASS = YES_ERROR;
				CLANG_WARN_QUOTED_INCLUDE_IN_FRAMEWORK_HEADER = YES;
				CLANG_WARN_RANGE_LOOP_ANALYSIS = YES;
				CLANG_WARN_STRICT_PROTOTYPES = YES;
				CLANG_WARN_SUSPICIOUS_MOVE = YES;
				CLANG_WARN_UNGUARDED_AVAILABILITY = YES_AGGRESSIVE;
				CLANG_WARN_UNREACHABLE_CODE = YES;
				CLANG_WARN__DUPLICATE_METHOD_MATCH = YES;
				COPY_PHASE_STRIP = NO;
				DEBUG_INFORMATION_FORMAT = "dwarf-with-dsym";
				ENABLE_NS_ASSERTIONS = NO;
				ENABLE_STRICT_OBJC_MSGSEND = YES;
				ENABLE_USER_SCRIPT_SANDBOXING = YES;
				GCC_C_LANGUAGE_STANDARD = gnu17;
				GCC_NO_COMMON_BLOCKS = YES;
				GCC_WARN_64_TO_32_BIT_CONVERSION = YES;
				GCC_WARN_ABOUT_RETURN_TYPE = YES_ERROR;
				GCC_WARN_UNDECLARED_SELECTOR = YES;
				GCC_WARN_UNINITIALIZED_AUTOS = YES_AGGRESSIVE;
				GCC_WARN_UNUSED_FUNCTION = YES;
				GCC_WARN_UNUSED_VARIABLE = YES;
				IPHONEOS_DEPLOYMENT_TARGET = 17.2;
				LOCALIZATION_PREFERS_STRING_CATALOGS = YES;
				MTL_ENABLE_DEBUG_INFO = NO;
				MTL_FAST_MATH = YES;
				SDKROOT = iphoneos;
				SWIFT_COMPILATION_MODE = wholemodule;
				VALIDATE_PRODUCT = YES;
			};
			name = Release;
		};
		2706B42B2B54EE42003E6B86 /* Debug */ = {
			isa = XCBuildConfiguration;
			buildSettings = {
				ASSETCATALOG_COMPILER_APPICON_NAME = AppIcon;
				ASSETCATALOG_COMPILER_GLOBAL_ACCENT_COLOR_NAME = AccentColor;
				CODE_SIGN_STYLE = Automatic;
				CURRENT_PROJECT_VERSION = 1;
				GENERATE_INFOPLIST_FILE = YES;
				INFOPLIST_FILE = "Chit Chat/Info.plist";
				INFOPLIST_KEY_UIApplicationSupportsIndirectInputEvents = YES;
				INFOPLIST_KEY_UILaunchStoryboardName = LaunchScreen;
				INFOPLIST_KEY_UIMainStoryboardFile = Main;
				INFOPLIST_KEY_UISupportedInterfaceOrientations = UIInterfaceOrientationPortrait;
				IPHONEOS_DEPLOYMENT_TARGET = 16.0;
				LD_RUNPATH_SEARCH_PATHS = (
					"$(inherited)",
					"@executable_path/Frameworks",
				);
				MARKETING_VERSION = 1.0;
				PRODUCT_BUNDLE_IDENTIFIER = "neshwa.Chit-Chat";
				PRODUCT_NAME = "$(TARGET_NAME)";
				SWIFT_EMIT_LOC_STRINGS = YES;
				SWIFT_VERSION = 5.0;
				TARGETED_DEVICE_FAMILY = "1,2";
			};
			name = Debug;
		};
		2706B42C2B54EE42003E6B86 /* Release */ = {
			isa = XCBuildConfiguration;
			buildSettings = {
				ASSETCATALOG_COMPILER_APPICON_NAME = AppIcon;
				ASSETCATALOG_COMPILER_GLOBAL_ACCENT_COLOR_NAME = AccentColor;
				CODE_SIGN_STYLE = Automatic;
				CURRENT_PROJECT_VERSION = 1;
				GENERATE_INFOPLIST_FILE = YES;
				INFOPLIST_FILE = "Chit Chat/Info.plist";
				INFOPLIST_KEY_UIApplicationSupportsIndirectInputEvents = YES;
				INFOPLIST_KEY_UILaunchStoryboardName = LaunchScreen;
				INFOPLIST_KEY_UIMainStoryboardFile = Main;
				INFOPLIST_KEY_UISupportedInterfaceOrientations = UIInterfaceOrientationPortrait;
				IPHONEOS_DEPLOYMENT_TARGET = 16.0;
				LD_RUNPATH_SEARCH_PATHS = (
					"$(inherited)",
					"@executable_path/Frameworks",
				);
				MARKETING_VERSION = 1.0;
				PRODUCT_BUNDLE_IDENTIFIER = "neshwa.Chit-Chat";
				PRODUCT_NAME = "$(TARGET_NAME)";
				SWIFT_EMIT_LOC_STRINGS = YES;
				SWIFT_VERSION = 5.0;
				TARGETED_DEVICE_FAMILY = "1,2";
			};
			name = Release;
		};
/* End XCBuildConfiguration section */

/* Begin XCConfigurationList section */
		2706B4112B54EE3D003E6B86 /* Build configuration list for PBXProject "Chit Chat" */ = {
			isa = XCConfigurationList;
			buildConfigurations = (
				2706B4282B54EE42003E6B86 /* Debug */,
				2706B4292B54EE42003E6B86 /* Release */,
			);
			defaultConfigurationIsVisible = 0;
			defaultConfigurationName = Release;
		};
		2706B42A2B54EE42003E6B86 /* Build configuration list for PBXNativeTarget "Chit Chat" */ = {
			isa = XCConfigurationList;
			buildConfigurations = (
				2706B42B2B54EE42003E6B86 /* Debug */,
				2706B42C2B54EE42003E6B86 /* Release */,
			);
			defaultConfigurationIsVisible = 0;
			defaultConfigurationName = Release;
		};
/* End XCConfigurationList section */
	};
	rootObject = 2706B40E2B54EE3D003E6B86 /* Project object */;
}
